Microsoft Visual Studio Solution File, Format Version 12.00
# Visual Studio Version 17
VisualStudioVersion = 17.5.2.0
MinimumVisualStudioVersion = 10.0.40219.1
Project("{FAE04EC0-301F-11D3-BF4B-00C04F79EFBC}") = "Empire-S1API", "Empire-S1API.csproj", "{BD1FB253-0D39-DDED-8DD6-2A45A7500CCF}"
EndProject
Global
	GlobalSection(SolutionConfigurationPlatforms) = preSolution
		Debug|Any CPU = Debug|Any CPU
		Release|Any CPU = Release|Any CPU
	EndGlobalSection
	GlobalSection(ProjectConfigurationPlatforms) = postSolution
		{BD1FB253-0D39-DDED-8DD6-2A45A7500CCF}.Debug|Any CPU.ActiveCfg = Debug|Any CPU
		{BD1FB253-0D39-DDED-8DD6-2A45A7500CCF}.Debug|Any CPU.Build.0 = Debug|Any CPU
		{BD1FB253-0D39-DDED-8DD6-2A45A7500CCF}.Release|Any CPU.ActiveCfg = Release|Any CPU
		{BD1FB253-0D39-DDED-8DD6-2A45A7500CCF}.Release|Any CPU.Build.0 = Release|Any CPU
	EndGlobalSection
	GlobalSection(SolutionProperties) = preSolution
		HideSolutionNode = FALSE
	EndGlobalSection
	GlobalSection(ExtensibilityGlobals) = postSolution
		SolutionGuid = {51B744AE-4697-47EF-B133-20166871D4D5}
	EndGlobalSection
EndGlobal
